
Microsoft Visual Studio Solution File, Format Version 12.00
# Visual Studio Version 17
VisualStudioVersion = 17.5.002.0
MinimumVisualStudioVersion = 10.0.40219.1
Project("{9A19103F-16F7-4668-BE54-9A1E7A4F7556}") = "MyRestfulApp_NET_API", "MyRestfulApp_NET_API\MyRestfulApp_NET_API.csproj", "{0F27DA39-E4F5-4E2A-87AF-48D62A4922C9}"
EndProject
Project("{9A19103F-16F7-4668-BE54-9A1E7A4F7556}") = "MyRestfulApp_NET_TEST", "MyRestfulApp_NET_TEST\MyRestfulApp_NET_TEST.csproj", "{A3B98C88-649D-4486-9529-1C96DEB33EEE}"
EndProject
Global
	GlobalSection(SolutionConfigurationPlatforms) = preSolution
		Debug|Any CPU = Debug|Any CPU
		Release|Any CPU = Release|Any CPU
	EndGlobalSection
	GlobalSection(ProjectConfigurationPlatforms) = postSolution
		{A3B98C88-649D-4486-9529-1C96DEB33EEE}.Debug|Any CPU.ActiveCfg = Debug|Any CPU
		{A3B98C88-649D-4486-9529-1C96DEB33EEE}.Debug|Any CPU.Build.0 = Debug|Any CPU
		{A3B98C88-649D-4486-9529-1C96DEB33EEE}.Release|Any CPU.ActiveCfg = Release|Any CPU
		{A3B98C88-649D-4486-9529-1C96DEB33EEE}.Release|Any CPU.Build.0 = Release|Any CPU
	EndGlobalSection
	GlobalSection(SolutionProperties) = preSolution
		HideSolutionNode = FALSE
	EndGlobalSection
	GlobalSection(ExtensibilityGlobals) = postSolution
		SolutionGuid = {9BE5C164-6E67-44CB-84D2-704023C46B04}
	EndGlobalSection
EndGlobal
